
Microsoft Visual Studio Solution File, Format Version 12.00
# Visual Studio Version 16
VisualStudioVersion = 16.0.31829.152
MinimumVisualStudioVersion = 10.0.40219.1
Project("{FAE04EC0-301F-11D3-BF4B-00C04F79EFBC}") = "Задание 15", "Задание 15\Задание 15.csproj", "{F6FE96DA-E7A0-4A02-80E6-18B2AE516770}"
EndProject
Global
	GlobalSection(SolutionConfigurationPlatforms) = preSolution
		Debug|Any CPU = Debug|Any CPU
		Release|Any CPU = Release|Any CPU
	EndGlobalSection
	GlobalSection(ProjectConfigurationPlatforms) = postSolution
		{F6FE96DA-E7A0-4A02-80E6-18B2AE516770}.Debug|Any CPU.ActiveCfg = Debug|Any CPU
		{F6FE96DA-E7A0-4A02-80E6-18B2AE516770}.Debug|Any CPU.Build.0 = Debug|Any CPU
		{F6FE96DA-E7A0-4A02-80E6-18B2AE516770}.Release|Any CPU.ActiveCfg = Release|Any CPU
		{F6FE96DA-E7A0-4A02-80E6-18B2AE516770}.Release|Any CPU.Build.0 = Release|Any CPU
	EndGlobalSection
	GlobalSection(SolutionProperties) = preSolution
		HideSolutionNode = FALSE
	EndGlobalSection
	GlobalSection(ExtensibilityGlobals) = postSolution
		SolutionGuid = {FF9F13F2-0DAE-4BFD-86C6-F75734C1EBF9}
	EndGlobalSection
EndGlobal
